<?xml version="1.0" encoding="utf-8"?>
<Project DefaultTargets="Build" ToolsVersion="4.0" xmlns="http://schemas.microsoft.com/developer/msbuild/2003">
  <PropertyGroup>
    <Configuration Condition=" '$(Configuration)' == '' ">Debug</Configuration>
    <Platform Condition=" '$(Platform)' == '' ">AnyCPU</Platform>
    <ProductVersion>10.0.0</ProductVersion>
    <SchemaVersion>2.0</SchemaVersion>
    <ProjectGuid>{57D537EB-2A01-4CC5-8A88-C03F35DD8686}</ProjectGuid>
    <UseDefaultCompiler>True</UseDefaultCompiler>
    <IncrementalLinking>True</IncrementalLinking>
    <PreferOneStepBuild>true</PreferOneStepBuild>
    <!--<DependentProjectIds>
      <DependentProjectIds>
        <String>{F7F06EF1-3CA0-407A-81D4-72CC896D465B}</String>
        <String>{C8A0A998-D461-451B-B3C6-76ACA512CCA9}</String>
      </DependentProjectIds>
    </DependentProjectIds>-->
    <Compiler>DMD2</Compiler>
    <Includes>
      <Includes>
        <Path>ShardIO</Path>
        <Path>ShardTools</Path>
        <Path>ShardMath</Path>
      </Includes>
    </Includes>
  </PropertyGroup>
  <PropertyGroup Condition=" '$(Configuration)|$(Platform)' == 'Debug|AnyCPU' ">
    <DebugSymbols>True</DebugSymbols>
    <OutputPath>bin\Debug</OutputPath>
    <ObjectsDirectory>obj/Debug</ObjectsDirectory>
    <OutputName>dap</OutputName>
    <Target>Executable</Target>
    <Externalconsole>True</Externalconsole>
    <UnittestMode>False</UnittestMode>
    <DebugLevel>0</DebugLevel>
    <VersionIds>
      <VersionIds>
        <String>Standalone</String>
      </VersionIds>
    </VersionIds>
    <Commandlineparameters>--input=input --output=output</Commandlineparameters>
    <ExtraCompilerArguments>-m64</ExtraCompilerArguments>
    <Libs>
      <Libs>
        <Lib>ShardIO/bin/Debug/libShardIO.a</Lib>
        <Lib>ShardTools/bin/Debug/libShardTools.a</Lib>
        <Lib>ShardMath/bin/Debug/libShardMath.a</Lib>
      </Libs>
    </Libs>
  </PropertyGroup>
  <PropertyGroup Condition=" '$(Configuration)|$(Platform)' == 'Release|AnyCPU' ">
    <OutputPath>bin\Release</OutputPath>
    <ObjectsDirectory>obj/Release</ObjectsDirectory>
    <OutputName>dap</OutputName>
    <Target>Executable</Target>
    <Externalconsole>True</Externalconsole>
    <UnittestMode>False</UnittestMode>
    <DebugLevel>0</DebugLevel>
    <VersionIds>
      <VersionIds>
        <String>Standalone</String>
      </VersionIds>
    </VersionIds>
    <Commandlineparameters>--input=input --output=output</Commandlineparameters>
    <ExtraCompilerArguments>-m64</ExtraCompilerArguments>
  </PropertyGroup>
  <PropertyGroup Condition=" '$(Configuration)|$(Platform)' == 'Unittest|AnyCPU' ">
    <DebugSymbols>True</DebugSymbols>
    <OutputPath>bin\Unittest</OutputPath>
    <ExtraCompilerArguments>-unittest </ExtraCompilerArguments>
    <ObjectsDirectory>obj/Unittest</ObjectsDirectory>
    <Target>Executable</Target>
    <OutputName>dap</OutputName>
    <Externalconsole>True</Externalconsole>
    <UnittestMode>False</UnittestMode>
    <DebugLevel>0</DebugLevel>
  </PropertyGroup>
  <ItemGroup>
    <Compile Include="dap\Asset.d" />
    <Compile Include="dap\AssetBuilder.d" />
    <Compile Include="dap\AssetContainer.d" />
    <Compile Include="dap\AssetStore.d" />
    <Compile Include="dap\Standalone.d" />
    <Compile Include="dap\FileStore.d" />
    <Compile Include="dap\HierarchyNode.d" />
    <Compile Include="dap\NodeReference.d" />
    <Compile Include="dap\NodeSettings.d" />
    <Compile Include="dap\BuildContext.d" />
    <Compile Include="dap\BuildLogger.d" />
    <Compile Include="dap\ConsoleLogger.d" />
    <Compile Include="dap\NodeCollection.d" />
    <Compile Include="dap\ContentProcessor.d" />
  </ItemGroup>
  <ItemGroup>
    <Folder Include="dap\" />
  </ItemGroup>
</Project>
