<?xml version="1.0" encoding="utf-8"?>
<Project DefaultTargets="Build" ToolsVersion="4.0" xmlns="http://schemas.microsoft.com/developer/msbuild/2003">
  <PropertyGroup>
    <Configuration Condition=" '$(Configuration)' == '' ">Debug</Configuration>
    <Platform Condition=" '$(Platform)' == '' ">AnyCPU</Platform>
    <ProductVersion>10.0.0</ProductVersion>
    <SchemaVersion>2.0</SchemaVersion>
    <ProjectGuid>{F7F06EF1-3CA0-407A-81D4-72CC896D465B}</ProjectGuid>
    <UseDefaultCompiler>True</UseDefaultCompiler>
    <IncrementalLinking>True</IncrementalLinking>
    <PreferOneStepBuild>true</PreferOneStepBuild>
    <Compiler>DMD2</Compiler>
    <Includes>
      <Includes>
        <Path>C:\Dropbox\Code\Shardsoft\ShardMath</Path>
      </Includes>
    </Includes>
  </PropertyGroup>
  <PropertyGroup Condition=" '$(Configuration)|$(Platform)' == 'Debug|AnyCPU' ">
    <DebugSymbols>True</DebugSymbols>
    <OutputPath>bin\Debug</OutputPath>
    <ObjectsDirectory>obj/Debug</ObjectsDirectory>
    <OutputName>libShardTools</OutputName>
    <Target>StaticLibrary</Target>
    <Externalconsole>True</Externalconsole>
    <UnittestMode>False</UnittestMode>
    <DebugLevel>0</DebugLevel>
    <VersionIds>
      <VersionIds>
        <String>ShardMath</String>
      </VersionIds>
    </VersionIds>
    <ExtraCompilerArguments>-m64</ExtraCompilerArguments>
  </PropertyGroup>
  <PropertyGroup Condition=" '$(Configuration)|$(Platform)' == 'Release|AnyCPU' ">
    <OutputPath>bin\Release</OutputPath>
    <ObjectsDirectory>obj/Release</ObjectsDirectory>
    <OutputName>libShardTools</OutputName>
    <Target>StaticLibrary</Target>
    <Externalconsole>True</Externalconsole>
    <UnittestMode>False</UnittestMode>
    <DebugLevel>0</DebugLevel>
    <ExtraCompilerArguments>-inline</ExtraCompilerArguments>
  </PropertyGroup>
  <PropertyGroup Condition=" '$(Configuration)|$(Platform)' == 'Unittest|AnyCPU' ">
    <DebugSymbols>True</DebugSymbols>
    <OutputPath>bin\Unittest</OutputPath>
    <ExtraCompilerArguments>-unittest </ExtraCompilerArguments>
    <ObjectsDirectory>obj/Unittest</ObjectsDirectory>
    <Target>StaticLibrary</Target>
    <OutputName>libShardTools</OutputName>
    <Externalconsole>True</Externalconsole>
    <UnittestMode>False</UnittestMode>
    <DebugLevel>0</DebugLevel>
  </PropertyGroup>
  <ItemGroup>
    <Compile Include="ShardTools\ArrayOps.d">
      <LastGenOutput>obj\Release\ShardTools.ArrayOps.obj</LastGenOutput>
    </Compile>
    <Compile Include="ShardTools\AsyncAction.d">
      <LastGenOutput>obj\Release\ShardTools.AsyncAction.obj</LastGenOutput>
    </Compile>
    <Compile Include="ShardTools\AsyncIterator.d">
      <LastGenOutput>obj\Release\ShardTools.AsyncIterator.obj</LastGenOutput>
    </Compile>
    <Compile Include="ShardTools\AsyncTask.d">
      <LastGenOutput>obj\Release\ShardTools.AsyncTask.obj</LastGenOutput>
    </Compile>
    <Compile Include="ShardTools\BitOps.d">
      <LastGenOutput>obj\Release\ShardTools.BitOps.obj</LastGenOutput>
    </Compile>
    <Compile Include="ShardTools\Buffer.d">
      <LastGenOutput>obj\Release\ShardTools.Buffer.obj</LastGenOutput>
    </Compile>
    <Compile Include="ShardTools\BufferPool.d">
      <LastGenOutput>obj\Release\ShardTools.BufferPool.obj</LastGenOutput>
    </Compile>
    <Compile Include="ShardTools\Color.d">
      <LastGenOutput>obj\Release\ShardTools.Color.obj</LastGenOutput>
    </Compile>
    <Compile Include="ShardTools\CompositeEvent.d">
      <LastGenOutput>obj\Release\ShardTools.CompositeEvent.obj</LastGenOutput>
    </Compile>
    <Compile Include="ShardTools\Compressor.d">
      <LastGenOutput>obj\Release\ShardTools.Compressor.obj</LastGenOutput>
    </Compile>
    <Compile Include="ShardTools\ConcurrentStack.d">
      <LastGenOutput>obj\Release\ShardTools.ConcurrentStack.obj</LastGenOutput>
    </Compile>
    <Compile Include="ShardTools\DateParse.d">
      <LastGenOutput>obj\Release\ShardTools.DateParse.obj</LastGenOutput>
    </Compile>
    <Compile Include="ShardTools\Disposable.d">
      <LastGenOutput>obj\Release\ShardTools.Disposable.obj</LastGenOutput>
    </Compile>
    <Compile Include="ShardTools\Enforce.d">
      <LastGenOutput>obj\Release\ShardTools.Enforce.obj</LastGenOutput>
    </Compile>
    <Compile Include="ShardTools\Event.d">
      <LastGenOutput>obj\Release\ShardTools.Event.obj</LastGenOutput>
    </Compile>
    <Compile Include="ShardTools\ExceptionTools.d">
      <LastGenOutput>obj\Release\ShardTools.ExceptionTools.obj</LastGenOutput>
    </Compile>
    <Compile Include="ShardTools\FileLogger.d">
      <LastGenOutput>obj\Release\ShardTools.FileLogger.obj</LastGenOutput>
    </Compile>
    <Compile Include="ShardTools\HybridLock.d">
      <LastGenOutput>obj\Release\ShardTools.HybridLock.obj</LastGenOutput>
    </Compile>
    <Compile Include="ShardTools\ICollection.d">
      <LastGenOutput>obj\Release\ShardTools.ICollection.obj</LastGenOutput>
    </Compile>
    <Compile Include="ShardTools\IDisposable.d">
      <LastGenOutput>obj\Release\ShardTools.IDisposable.obj</LastGenOutput>
    </Compile>
    <Compile Include="ShardTools\IList.d">
      <LastGenOutput>obj\Release\ShardTools.IList.obj</LastGenOutput>
    </Compile>
    <Compile Include="ShardTools\IPoolable.d">
      <LastGenOutput>obj\Release\ShardTools.IPoolable.obj</LastGenOutput>
    </Compile>
    <Compile Include="ShardTools\ImageSaver.d">
      <LastGenOutput>obj\Release\ShardTools.ImageSaver.obj</LastGenOutput>
    </Compile>
    <Compile Include="ShardTools\Library.d">
      <LastGenOutput>obj\Release\ShardTools.Library.obj</LastGenOutput>
    </Compile>
    <Compile Include="ShardTools\LinkedList.d">
      <LastGenOutput>obj\Release\ShardTools.LinkedList.obj</LastGenOutput>
    </Compile>
    <Compile Include="ShardTools\List.d">
      <LastGenOutput>obj\Release\ShardTools.List.obj</LastGenOutput>
    </Compile>
    <Compile Include="ShardTools\Logger.d">
      <LastGenOutput>obj\Release\ShardTools.Logger.obj</LastGenOutput>
    </Compile>
    <Compile Include="ShardTools\ManagedList.d">
      <LastGenOutput>obj\Release\ShardTools.ManagedList.obj</LastGenOutput>
    </Compile>
    <Compile Include="ShardTools\Map.d">
      <LastGenOutput>obj\Release\ShardTools.Map.obj</LastGenOutput>
    </Compile>
    <Compile Include="ShardTools\MemoryCache.d">
      <LastGenOutput>obj\Release\ShardTools.MemoryCache.obj</LastGenOutput>
    </Compile>
    <Compile Include="ShardTools\MemoryStream.d">
      <LastGenOutput>obj\Release\ShardTools.MemoryStream.obj</LastGenOutput>
    </Compile>
    <Compile Include="ShardTools\Mixins.d">
      <LastGenOutput>obj\Release\ShardTools.Mixins.obj</LastGenOutput>
    </Compile>
    <Compile Include="ShardTools\NativeReference.d">
      <LastGenOutput>obj\Release\ShardTools.NativeReference.obj</LastGenOutput>
    </Compile>
    <Compile Include="ShardTools\Noise.d">
      <LastGenOutput>obj\Release\ShardTools.Noise.obj</LastGenOutput>
    </Compile>
    <Compile Include="ShardTools\PathTools.d">
      <LastGenOutput>obj\Release\ShardTools.PathTools.obj</LastGenOutput>
    </Compile>
    <Compile Include="ShardTools\Pool.d">
      <LastGenOutput>obj\Release\ShardTools.Pool.obj</LastGenOutput>
    </Compile>
    <Compile Include="ShardTools\PrioritizedEvent.d">
      <LastGenOutput>obj\Release\ShardTools.PrioritizedEvent.obj</LastGenOutput>
    </Compile>
    <Compile Include="ShardTools\Problem.d">
      <LastGenOutput>obj\Release\ShardTools.Problem.obj</LastGenOutput>
    </Compile>
    <Compile Include="ShardTools\Queue.d">
      <LastGenOutput>obj\Release\ShardTools.Queue.obj</LastGenOutput>
    </Compile>
    <Compile Include="ShardTools\ReadOnlyCollection.d">
      <LastGenOutput>obj\Release\ShardTools.ReadOnlyCollection.obj</LastGenOutput>
    </Compile>
    <Compile Include="ShardTools\RecursiveRange.d">
      <LastGenOutput>obj\Release\ShardTools.RecursiveRange.obj</LastGenOutput>
    </Compile>
    <Compile Include="ShardTools\SharedMemoryCache.d">
      <LastGenOutput>obj\Release\ShardTools.SharedMemoryCache.obj</LastGenOutput>
    </Compile>
    <Compile Include="ShardTools\SignaledTask.d">
      <LastGenOutput>obj\Release\ShardTools.SignaledTask.obj</LastGenOutput>
    </Compile>
    <Compile Include="ShardTools\SleepTask.d">
      <LastGenOutput>obj\Release\ShardTools.SleepTask.obj</LastGenOutput>
    </Compile>
    <Compile Include="ShardTools\SoftReference.d">
      <LastGenOutput>obj\Release\ShardTools.SoftReference.obj</LastGenOutput>
    </Compile>
    <Compile Include="ShardTools\SortedList.d">
      <LastGenOutput>obj\Release\ShardTools.SortedList.obj</LastGenOutput>
    </Compile>
    <Compile Include="ShardTools\SpinLock.d">
      <LastGenOutput>obj\Release\ShardTools.SpinLock.obj</LastGenOutput>
    </Compile>
    <Compile Include="ShardTools\Stack.d">
      <LastGenOutput>obj\Release\ShardTools.Stack.obj</LastGenOutput>
    </Compile>
    <Compile Include="ShardTools\Stream.d">
      <LastGenOutput>obj\Release\ShardTools.Stream.obj</LastGenOutput>
    </Compile>
    <Compile Include="ShardTools\StreamReader.d">
      <LastGenOutput>obj\Release\ShardTools.StreamReader.obj</LastGenOutput>
    </Compile>
    <Compile Include="ShardTools\StreamWriter.d">
      <LastGenOutput>obj\Release\ShardTools.StreamWriter.obj</LastGenOutput>
    </Compile>
    <Compile Include="ShardTools\StringMap.d">
      <LastGenOutput>obj\Release\ShardTools.StringMap.obj</LastGenOutput>
    </Compile>
    <Compile Include="ShardTools\StringMatcher.d">
      <LastGenOutput>obj\Release\ShardTools.StringMatcher.obj</LastGenOutput>
    </Compile>
    <Compile Include="ShardTools\StringTools.d">
      <LastGenOutput>obj\Release\ShardTools.StringTools.obj</LastGenOutput>
    </Compile>
    <Compile Include="ShardTools\TaskManager.d">
      <LastGenOutput>obj\Release\ShardTools.TaskManager.obj</LastGenOutput>
    </Compile>
    <Compile Include="ShardTools\TaskRepeater.d">
      <LastGenOutput>obj\Release\ShardTools.TaskRepeater.obj</LastGenOutput>
    </Compile>
    <Compile Include="ShardTools\TimeSpan.d">
      <LastGenOutput>obj\Release\ShardTools.TimeSpan.obj</LastGenOutput>
    </Compile>
    <Compile Include="ShardTools\Timer.d">
      <LastGenOutput>obj\Release\ShardTools.Timer.obj</LastGenOutput>
    </Compile>
    <Compile Include="ShardTools\UnmanagedBuffer.d">
      <LastGenOutput>obj\Release\ShardTools.UnmanagedBuffer.obj</LastGenOutput>
    </Compile>
    <Compile Include="ShardTools\Untyped.d">
      <LastGenOutput>obj\Release\ShardTools.Untyped.obj</LastGenOutput>
    </Compile>
    <Compile Include="ShardTools\WeakReference.d">
      <LastGenOutput>obj\Release\ShardTools.WeakReference.obj</LastGenOutput>
    </Compile>
    <Compile Include="ShardTools\MessagePack.d">
      <LastGenOutput>obj\Release\ShardTools.MessagePack.obj</LastGenOutput>
    </Compile>
    <Compile Include="ShardTools\Property.d">
      <LastGenOutput>obj\Release\ShardTools.Property.obj</LastGenOutput>
    </Compile>
    <Compile Include="ShardTools\Initializers.d" />
  </ItemGroup>
  <ItemGroup>
    <None Include="License Info.txt" />
  </ItemGroup>
</Project>