<?xml version="1.0" encoding="utf-8"?>
<Project DefaultTargets="Build" ToolsVersion="4.0" xmlns="http://schemas.microsoft.com/developer/msbuild/2003">
  <PropertyGroup>
    <Configuration Condition=" '$(Configuration)' == '' ">Debug</Configuration>
    <Platform Condition=" '$(Platform)' == '' ">AnyCPU</Platform>
    <ProductVersion>10.0.0</ProductVersion>
    <SchemaVersion>2.0</SchemaVersion>
    <ProjectGuid>{C8A0A998-D461-451B-B3C6-76ACA512CCA9}</ProjectGuid>
    <UseDefaultCompiler>True</UseDefaultCompiler>
    <IncrementalLinking>True</IncrementalLinking>
    <PreferOneStepBuild>true</PreferOneStepBuild>
    <Compiler>ldc2</Compiler>
    <Includes>
      <Includes>
        <Path>C:/Dropbox/Code/Shardsoft/ShardTools</Path>
      </Includes>
    </Includes>
    <DependentProjectIds>
      <DependentProjectIds>
        <String>{F7F06EF1-3CA0-407A-81D4-72CC896D465B}</String>
      </DependentProjectIds>
    </DependentProjectIds>
  </PropertyGroup>
  <PropertyGroup Condition=" '$(Configuration)|$(Platform)' == 'Debug|AnyCPU' ">
    <DebugSymbols>True</DebugSymbols>
    <OutputPath>bin\Debug</OutputPath>
    <ObjectsDirectory>obj/Debug</ObjectsDirectory>
    <OutputName>libShardIO</OutputName>
    <Target>StaticLibrary</Target>
    <Externalconsole>True</Externalconsole>
    <UnittestMode>False</UnittestMode>
    <DebugLevel>0</DebugLevel>
    <ExtraCompilerArguments>-m64</ExtraCompilerArguments>
  </PropertyGroup>
  <PropertyGroup Condition=" '$(Configuration)|$(Platform)' == 'Release|AnyCPU' ">
    <OutputPath>bin\Release</OutputPath>
    <ObjectsDirectory>obj/Release</ObjectsDirectory>
    <OutputName>libShardIO</OutputName>
    <Target>StaticLibrary</Target>
    <Externalconsole>True</Externalconsole>
    <UnittestMode>False</UnittestMode>
    <DebugLevel>0</DebugLevel>
    <ExtraCompilerArguments>-inline</ExtraCompilerArguments>
  </PropertyGroup>
  <PropertyGroup Condition=" '$(Configuration)|$(Platform)' == 'Unittest|AnyCPU' ">
    <DebugSymbols>True</DebugSymbols>
    <OutputPath>bin\Unittest</OutputPath>
    <ExtraCompilerArguments>-unittest </ExtraCompilerArguments>
    <ObjectsDirectory>obj/Unittest</ObjectsDirectory>
    <Target>StaticLibrary</Target>
    <OutputName>libShardIO</OutputName>
    <Externalconsole>True</Externalconsole>
    <UnittestMode>False</UnittestMode>
    <DebugLevel>0</DebugLevel>
  </PropertyGroup>
  <ItemGroup>
    <Compile Include="ShardIO\AsyncFile.d">
      <LastGenOutput>obj/Debug/ShardIO.AsyncFile.o</LastGenOutput>
    </Compile>
    <Compile Include="ShardIO\AsyncSocket.d">
      <LastGenOutput>obj/Debug/ShardIO.AsyncSocket.o</LastGenOutput>
    </Compile>
    <Compile Include="ShardIO\CallbackOutput.d">
      <LastGenOutput>obj/Debug/ShardIO.CallbackOutput.o</LastGenOutput>
    </Compile>
    <Compile Include="ShardIO\ChainedInput.d">
      <LastGenOutput>obj/Debug/ShardIO.ChainedInput.o</LastGenOutput>
    </Compile>
    <Compile Include="ShardIO\ChainedOutput.d">
      <LastGenOutput>obj/Debug/ShardIO.ChainedOutput.o</LastGenOutput>
    </Compile>
    <Compile Include="ShardIO\DataSource.d">
      <LastGenOutput>obj/Debug/ShardIO.DataSource.o</LastGenOutput>
    </Compile>
    <Compile Include="ShardIO\DataTransformer.d">
      <LastGenOutput>obj/Debug/ShardIO.DataTransformer.o</LastGenOutput>
    </Compile>
    <Compile Include="ShardIO\DataTransformerCollection.d">
      <LastGenOutput>obj/Debug/ShardIO.DataTransformerCollection.o</LastGenOutput>
    </Compile>
    <Compile Include="ShardIO\DeflateTransform.d">
      <LastGenOutput>obj/Debug/ShardIO.DeflateTransform.o</LastGenOutput>
    </Compile>
    <Compile Include="ShardIO\FileInput.d">
      <LastGenOutput>obj/Debug/ShardIO.FileInput.o</LastGenOutput>
    </Compile>
    <Compile Include="ShardIO\FileOutput.d">
      <LastGenOutput>obj/Debug/ShardIO.FileOutput.o</LastGenOutput>
    </Compile>
    <Compile Include="ShardIO\IOAction.d">
      <LastGenOutput>obj/Debug/ShardIO.IOAction.o</LastGenOutput>
    </Compile>
    <Compile Include="ShardIO\IOCP.d">
      <LastGenOutput>obj/Debug/ShardIO.IOCP.o</LastGenOutput>
    </Compile>
    <Compile Include="ShardIO\IOManager.d">
      <LastGenOutput>obj/Debug/ShardIO.IOManager.o</LastGenOutput>
    </Compile>
    <Compile Include="ShardIO\InputSource.d">
      <LastGenOutput>obj/Debug/ShardIO.InputSource.o</LastGenOutput>
    </Compile>
    <Compile Include="ShardIO\Internals.d">
      <LastGenOutput>obj/Debug/ShardIO.Internals.o</LastGenOutput>
    </Compile>
    <Compile Include="ShardIO\MemoryInput.d">
      <LastGenOutput>obj/Debug/ShardIO.MemoryInput.o</LastGenOutput>
    </Compile>
    <Compile Include="ShardIO\MemoryOutput.d">
      <LastGenOutput>obj/Debug/ShardIO.MemoryOutput.o</LastGenOutput>
    </Compile>
    <Compile Include="ShardIO\ObjectOutput.d">
      <LastGenOutput>obj/Debug/ShardIO.ObjectOutput.o</LastGenOutput>
    </Compile>
    <Compile Include="ShardIO\OutputSource.d">
      <LastGenOutput>obj/Debug/ShardIO.OutputSource.o</LastGenOutput>
    </Compile>
    <Compile Include="ShardIO\SocketInput.d">
      <LastGenOutput>obj/Debug/ShardIO.SocketInput.o</LastGenOutput>
    </Compile>
    <Compile Include="ShardIO\SocketOutput.d">
      <LastGenOutput>obj/Debug/ShardIO.SocketOutput.o</LastGenOutput>
    </Compile>
    <Compile Include="ShardIO\SocketPool.d">
      <LastGenOutput>obj/Debug/ShardIO.SocketPool.o</LastGenOutput>
    </Compile>
    <Compile Include="ShardIO\StandardInput.d">
      <LastGenOutput>obj/Debug/ShardIO.StandardInput.o</LastGenOutput>
    </Compile>
    <Compile Include="ShardIO\StandardOutput.d">
      <LastGenOutput>obj/Debug/ShardIO.StandardOutput.o</LastGenOutput>
    </Compile>
    <Compile Include="ShardIO\StreamInput.d">
      <LastGenOutput>obj/Debug/ShardIO.StreamInput.o</LastGenOutput>
    </Compile>
    <Compile Include="ShardIO\TransformSource.d">
      <LastGenOutput>obj/Debug/ShardIO.TransformSource.o</LastGenOutput>
    </Compile>
    <Compile Include="ShardIO\Unittests.d">
      <LastGenOutput>obj/Debug/ShardIO.Unittests.o</LastGenOutput>
    </Compile>
    <Compile Include="ShardIO\NetworkNotifier.d">
      <LastGenOutput>obj/Debug/ShardIO.NetworkNotifier.o</LastGenOutput>
    </Compile>
    <Compile Include="ShardIO\StreamOutput.d">
      <LastGenOutput>obj/Debug/ShardIO.StreamOutput.o</LastGenOutput>
    </Compile>
    <Compile Include="ShardIO\Protocols\MemcachedConnection.d" />
    <Compile Include="ShardIO\Protocols\MemcachedClient.d" />
    <Compile Include="ShardIO\Protocols\IDistributedConnection.d" />
    <Compile Include="ShardIO\Protocols\DistributedServerClient.d" />
  </ItemGroup>
  <ItemGroup>
    <Folder Include="ShardIO\Protocols\" />
  </ItemGroup>
</Project>