<?xml version="1.0" encoding="utf-8"?>
<Project DefaultTargets="Build" ToolsVersion="4.0" xmlns="http://schemas.microsoft.com/developer/msbuild/2003">
  <PropertyGroup>
    <Configuration Condition=" '$(Configuration)' == '' ">Debug</Configuration>
    <Platform Condition=" '$(Platform)' == '' ">AnyCPU</Platform>
    <ProductVersion>10.0.0</ProductVersion>
    <SchemaVersion>2.0</SchemaVersion>
    <ProjectGuid>{C8A0A998-D461-451B-B3C6-76ACA512CCA9}</ProjectGuid>
    <UseDefaultCompiler>True</UseDefaultCompiler>
    <IncrementalLinking>True</IncrementalLinking>
    <PreferOneStepBuild>true</PreferOneStepBuild>
    <Compiler>DMD2</Compiler>
    <Includes>
      <Includes>
        <Path>../ShardTools</Path>
      </Includes>
    </Includes>
  </PropertyGroup>
  <PropertyGroup Condition=" '$(Configuration)|$(Platform)' == 'Debug|AnyCPU' ">
    <DebugSymbols>True</DebugSymbols>
    <OutputPath>bin\Debug</OutputPath>
    <ObjectsDirectory>obj/Debug</ObjectsDirectory>
    <OutputName>libShardIO</OutputName>
    <Target>StaticLibrary</Target>
    <Externalconsole>True</Externalconsole>
    <UnittestMode>False</UnittestMode>
    <DebugLevel>0</DebugLevel>
    <ExtraCompilerArguments>-m64</ExtraCompilerArguments>
  </PropertyGroup>
  <PropertyGroup Condition=" '$(Configuration)|$(Platform)' == 'Release|AnyCPU' ">
    <OutputPath>bin\Release</OutputPath>
    <ObjectsDirectory>obj/Release</ObjectsDirectory>
    <OutputName>libShardIO</OutputName>
    <Target>StaticLibrary</Target>
    <Externalconsole>True</Externalconsole>
    <UnittestMode>False</UnittestMode>
    <DebugLevel>0</DebugLevel>
    <ExtraCompilerArguments>-inline</ExtraCompilerArguments>
  </PropertyGroup>
  <PropertyGroup Condition=" '$(Configuration)|$(Platform)' == 'Unittest|AnyCPU' ">
    <DebugSymbols>True</DebugSymbols>
    <OutputPath>bin\Unittest</OutputPath>
    <ExtraCompilerArguments>-unittest </ExtraCompilerArguments>
    <ObjectsDirectory>obj/Unittest</ObjectsDirectory>
    <Target>StaticLibrary</Target>
    <OutputName>libShardIO</OutputName>
    <Externalconsole>True</Externalconsole>
    <UnittestMode>False</UnittestMode>
    <DebugLevel>0</DebugLevel>
  </PropertyGroup>
  <ItemGroup>
    <Compile Include="ShardIO\AsyncFile.d" />
    <Compile Include="ShardIO\AsyncSocket.d" />
    <Compile Include="ShardIO\CallbackOutput.d" />
    <Compile Include="ShardIO\ChainedInput.d" />
    <Compile Include="ShardIO\ChainedOutput.d" />
    <Compile Include="ShardIO\DataSource.d" />
    <Compile Include="ShardIO\DataTransformer.d" />
    <Compile Include="ShardIO\DataTransformerCollection.d" />
    <Compile Include="ShardIO\DeflateTransform.d" />
    <Compile Include="ShardIO\FileInput.d" />
    <Compile Include="ShardIO\FileOutput.d" />
    <Compile Include="ShardIO\IOAction.d" />
    <Compile Include="ShardIO\IOCP.d" />
    <Compile Include="ShardIO\IOManager.d" />
    <Compile Include="ShardIO\InputSource.d" />
    <Compile Include="ShardIO\Internals.d" />
    <Compile Include="ShardIO\MemoryInput.d" />
    <Compile Include="ShardIO\MemoryOutput.d" />
    <Compile Include="ShardIO\ObjectOutput.d" />
    <Compile Include="ShardIO\OutputSource.d" />
    <Compile Include="ShardIO\SocketInput.d" />
    <Compile Include="ShardIO\SocketOutput.d" />
    <Compile Include="ShardIO\SocketPool.d" />
    <Compile Include="ShardIO\StandardInput.d" />
    <Compile Include="ShardIO\StandardOutput.d" />
    <Compile Include="ShardIO\StreamInput.d" />
    <Compile Include="ShardIO\TransformSource.d" />
    <Compile Include="ShardIO\Unittests.d" />
    <Compile Include="ShardIO\NetworkNotifier.d" />
    <Compile Include="ShardIO\StreamOutput.d" />
    <Compile Include="ShardIO\Protocols\MemcachedConnection.d" />
    <Compile Include="ShardIO\Protocols\MemcachedClient.d" />
    <Compile Include="ShardIO\Protocols\MemcachedServerNode.d" />
    <Compile Include="ShardIO\ConnectionPool.d" />
    <Compile Include="ShardIO\DistributedServerClient.d" />
    <Compile Include="ShardIO\IDistributedServerNode.d" />
    <Compile Include="ShardIO\IPooledConnection.d" />
    <Compile Include="ShardIO\IDistributedServerSelector.d" />
  </ItemGroup>
  <ItemGroup>
    <Folder Include="ShardIO\Protocols\" />
  </ItemGroup>
</Project>